dependencies:
- name: app-deployment
  repository: https://pnminh.github.io/helm-repo
  version: 0.1.3
- name: library-chart
  repository: https://pnminh.github.io/helm-repo
  version: 0.1.1
digest: sha256:802922e02eb6bedab195ac82dce83d0be047c10402b8f402feb0214d504c7e03
generated: "2024-06-18T10:46:12.134273-05:00"
